
Microsoft Visual Studio Solution File, Format Version 12.00
# Visual Studio Version 16
VisualStudioVersion = 16.0.28803.352
MinimumVisualStudioVersion = 10.0.40219.1
Project("{FAE04EC0-301F-11D3-BF4B-00C04F79EFBC}") = "first_csharp_project", "first_csharp_project\first_csharp_project.csproj", "{0431DCB0-A632-489B-92C0-85FE93006F2B}"
EndProject
Global
	GlobalSection(SolutionConfigurationPlatforms) = preSolution
		Debug|Any CPU = Debug|Any CPU
		Release|Any CPU = Release|Any CPU
	EndGlobalSection
	GlobalSection(ProjectConfigurationPlatforms) = postSolution
		{0431DCB0-A632-489B-92C0-85FE93006F2B}.Debug|Any CPU.ActiveCfg = Debug|Any CPU
		{0431DCB0-A632-489B-92C0-85FE93006F2B}.Debug|Any CPU.Build.0 = Debug|Any CPU
		{0431DCB0-A632-489B-92C0-85FE93006F2B}.Release|Any CPU.ActiveCfg = Release|Any CPU
		{0431DCB0-A632-489B-92C0-85FE93006F2B}.Release|Any CPU.Build.0 = Release|Any CPU
	EndGlobalSection
	GlobalSection(SolutionProperties) = preSolution
		HideSolutionNode = FALSE
	EndGlobalSection
	GlobalSection(ExtensibilityGlobals) = postSolution
		SolutionGuid = {852AB3EF-7F51-466E-8990-E19CB3318403}
	EndGlobalSection
EndGlobal
